Microsoft Visual Studio Solution File, Format Version 12.00
# Visual Studio Version 17
VisualStudioVersion = 17.5.2.0
MinimumVisualStudioVersion = 10.0.40219.1
Project("{FAE04EC0-301F-11D3-BF4B-00C04F79EFBC}") = "bokapi", "bokapi\bokapi.csproj", "{60D1751C-B190-83DD-C4C0-57317B84063C}"
EndProject
Global
	GlobalSection(SolutionConfigurationPlatforms) = preSolution
		Debug|Any CPU = Debug|Any CPU
		Release|Any CPU = Release|Any CPU
	EndGlobalSection
	GlobalSection(ProjectConfigurationPlatforms) = postSolution
		{60D1751C-B190-83DD-C4C0-57317B84063C}.Debug|Any CPU.ActiveCfg = Debug|Any CPU
		{60D1751C-B190-83DD-C4C0-57317B84063C}.Debug|Any CPU.Build.0 = Debug|Any CPU
		{60D1751C-B190-83DD-C4C0-57317B84063C}.Release|Any CPU.ActiveCfg = Release|Any CPU
		{60D1751C-B190-83DD-C4C0-57317B84063C}.Release|Any CPU.Build.0 = Release|Any CPU
	EndGlobalSection
	GlobalSection(SolutionProperties) = preSolution
		HideSolutionNode = FALSE
	EndGlobalSection
	GlobalSection(ExtensibilityGlobals) = postSolution
		SolutionGuid = {B75D0579-B076-4EB3-B6FC-3DDC6EEA957E}
	EndGlobalSection
EndGlobal
